
Microsoft Visual Studio Solution File, Format Version 12.00
# Visual Studio Version 16
VisualStudioVersion = 16.0.30621.155
MinimumVisualStudioVersion = 10.0.40219.1
Project("{FAE04EC0-301F-11D3-BF4B-00C04F79EFBC}") = "Tester1AppInsight", "Tester1AppInsight\Tester1AppInsight.csproj", "{B1330D3C-B977-476D-8282-C987D7442926}"
EndProject
Global
	GlobalSection(SolutionConfigurationPlatforms) = preSolution
		Debug|Any CPU = Debug|Any CPU
		Release|Any CPU = Release|Any CPU
	EndGlobalSection
	GlobalSection(ProjectConfigurationPlatforms) = postSolution
		{B1330D3C-B977-476D-8282-C987D7442926}.Debug|Any CPU.ActiveCfg = Debug|Any CPU
		{B1330D3C-B977-476D-8282-C987D7442926}.Debug|Any CPU.Build.0 = Debug|Any CPU
		{B1330D3C-B977-476D-8282-C987D7442926}.Release|Any CPU.ActiveCfg = Release|Any CPU
		{B1330D3C-B977-476D-8282-C987D7442926}.Release|Any CPU.Build.0 = Release|Any CPU
	EndGlobalSection
	GlobalSection(SolutionProperties) = preSolution
		HideSolutionNode = FALSE
	EndGlobalSection
	GlobalSection(ExtensibilityGlobals) = postSolution
		SolutionGuid = {E7A5DB13-23D5-4916-B2C8-74416A5C750A}
	EndGlobalSection
EndGlobal
